# THIS IS AN AUTOGENERATED FILE. DO NOT EDIT THIS FILE DIRECTLY.
# yarn lockfile v1


"@babel/runtime@^7.7.2":
  version "7.15.4"
  resolved "https://registry.npmjs.org/@babel/runtime/-/runtime-7.15.4.tgz#fd17d16bfdf878e6dd02d19753a39fa8a8d9c84a"
  integrity sha512-99catp6bHCaxr4sJ/DbTGgHS4+Rs2RVd2g7iOap6SLGPDknRK9ztKNsE/Fg6QhSeh1FGE5f6gHGQmvvn3I3xhw==
  dependencies:
    regenerator-runtime "^0.13.4"

"@types/requestidlecallback@^0.3.4":
  version "0.3.4"
  resolved "https://registry.npmjs.org/@types/requestidlecallback/-/requestidlecallback-0.3.4.tgz#819e22b8994cf547e1f17f9cb79805a5a3bb1db5"
  integrity sha512-aTSyiZuRemRLTQkJPb25L7A4/eR2Teo5l4yJ1V6P3+MFxEZckTDkNKNtr/V1zEOMzS6H8DgxF22U6jPAPrzQvw==

import-html-entry@^1.11.1:
  version "1.11.1"
  resolved "https://registry.npmjs.org/import-html-entry/-/import-html-entry-1.11.1.tgz#3d8c5977926bdd122ab8e658965c102068b4af8d"
  integrity sha512-O7mCUTwKdYU49/LH6nq1adWPnUlZQpKeGWIEcDq07KTcqP/v0jBLEIVc0oE0Mtlw3CEe0eeKGMyhl6LwfXCV7A==
  dependencies:
    "@babel/runtime" "^7.7.2"

path-to-regexp@^6.2.0:
  version "6.2.0"
  resolved "https://registry.npmjs.org/path-to-regexp/-/path-to-regexp-6.2.0.tgz#f7b3803336104c346889adece614669230645f38"
  integrity sha512-f66KywYG6+43afgE/8j/GoiNyygk/bnoCbps++3ErRKsIYkGGupyv07R2Ok5m9i67Iqc+T2g1eAUGUPzWhYTyg==

regenerator-runtime@^0.13.4:
  version "0.13.9"
  resolved "https://registry.npmjs.org/regenerator-runtime/-/regenerator-runtime-0.13.9.tgz#8925742a98ffd90814988d7566ad30ca3b263b52"
  integrity sha512-p3VT+cOEgxFsRRA9X4lkI1E+k2/CtnKtU4gcxyaCUreilL/vqI6CdZ3wxVUx3UOUg+gnUOQQcRI7BmSI656MYA==

typescript@^4.3.5:
  version "4.4.4"
  resolved "https://registry.npmjs.org/typescript/-/typescript-4.4.4.tgz#2cd01a1a1f160704d3101fd5a58ff0f9fcb8030c"
  integrity sha512-DqGhF5IKoBl8WNf8C1gu8q0xZSInh9j1kJJMqT3a94w1JzVaBU4EXOSMrz9yDqMT0xt3selp83fuFMQ0uzv6qA==
